
Microsoft Visual Studio Solution File, Format Version 12.00
# Visual Studio Version 16
VisualStudioVersion = 16.0.29102.190
MinimumVisualStudioVersion = 10.0.40219.1
Project("{FAE04EC0-301F-11D3-BF4B-00C04F79EFBC}") = "DemoLearning", "DemoLearning\DemoLearning.csproj", "{30CEB75C-ED7F-4AD7-8AEE-ED0CB448E716}"
EndProject
Project("{FAE04EC0-301F-11D3-BF4B-00C04F79EFBC}") = "DemoLearning.Core", "DemoLearning.Core\DemoLearning.Core.csproj", "{B7D36698-87F6-4B26-84E2-D7DB7372BA28}"
EndProject
Project("{FAE04EC0-301F-11D3-BF4B-00C04F79EFBC}") = "DemoLearning.Data", "DemoLearning.Data\DemoLearning.Data.csproj", "{A91E6E4C-9394-4B19-9701-5E9001F87FC9}"
EndProject
Global
	GlobalSection(SolutionConfigurationPlatforms) = preSolution
		Debug|Any CPU = Debug|Any CPU
		Release|Any CPU = Release|Any CPU
	EndGlobalSection
	GlobalSection(ProjectConfigurationPlatforms) = postSolution
		{30CEB75C-ED7F-4AD7-8AEE-ED0CB448E716}.Debug|Any CPU.ActiveCfg = Debug|Any CPU
		{30CEB75C-ED7F-4AD7-8AEE-ED0CB448E716}.Debug|Any CPU.Build.0 = Debug|Any CPU
		{30CEB75C-ED7F-4AD7-8AEE-ED0CB448E716}.Release|Any CPU.ActiveCfg = Release|Any CPU
		{30CEB75C-ED7F-4AD7-8AEE-ED0CB448E716}.Release|Any CPU.Build.0 = Release|Any CPU
		{B7D36698-87F6-4B26-84E2-D7DB7372BA28}.Debug|Any CPU.ActiveCfg = Debug|Any CPU
		{B7D36698-87F6-4B26-84E2-D7DB7372BA28}.Debug|Any CPU.Build.0 = Debug|Any CPU
		{B7D36698-87F6-4B26-84E2-D7DB7372BA28}.Release|Any CPU.ActiveCfg = Release|Any CPU
		{B7D36698-87F6-4B26-84E2-D7DB7372BA28}.Release|Any CPU.Build.0 = Release|Any CPU
		{A91E6E4C-9394-4B19-9701-5E9001F87FC9}.Debug|Any CPU.ActiveCfg = Debug|Any CPU
		{A91E6E4C-9394-4B19-9701-5E9001F87FC9}.Debug|Any CPU.Build.0 = Debug|Any CPU
		{A91E6E4C-9394-4B19-9701-5E9001F87FC9}.Release|Any CPU.ActiveCfg = Release|Any CPU
		{A91E6E4C-9394-4B19-9701-5E9001F87FC9}.Release|Any CPU.Build.0 = Release|Any CPU
	EndGlobalSection
	GlobalSection(SolutionProperties) = preSolution
		HideSolutionNode = FALSE
	EndGlobalSection
	GlobalSection(ExtensibilityGlobals) = postSolution
		SolutionGuid = {5F2641C1-3969-42CE-AECF-48C8B9D01F1B}
	EndGlobalSection
EndGlobal
